
Microsoft Visual Studio Solution File, Format Version 12.00
# Visual Studio Version 16
VisualStudioVersion = 16.0.29806.167
MinimumVisualStudioVersion = 10.0.40219.1
Project("{8BC9CEB8-8B4A-11D0-8D11-00A0C91BC942}") = "CallingConventions", "CallingConventions\CallingConventions.vcxproj", "{1FFE1266-9783-4CE4-9017-3D0D118FFC51}"
EndProject
Global
	GlobalSection(SolutionConfigurationPlatforms) = preSolution
		Debug|x64 = Debug|x64
		Debug|x86 = Debug|x86
		Release|x64 = Release|x64
		Release|x86 = Release|x86
	EndGlobalSection
	GlobalSection(ProjectConfigurationPlatforms) = postSolution
		{1FFE1266-9783-4CE4-9017-3D0D118FFC51}.Debug|x64.ActiveCfg = Debug|x64
		{1FFE1266-9783-4CE4-9017-3D0D118FFC51}.Debug|x64.Build.0 = Debug|x64
		{1FFE1266-9783-4CE4-9017-3D0D118FFC51}.Debug|x86.ActiveCfg = Debug|Win32
		{1FFE1266-9783-4CE4-9017-3D0D118FFC51}.Debug|x86.Build.0 = Debug|Win32
		{1FFE1266-9783-4CE4-9017-3D0D118FFC51}.Release|x64.ActiveCfg = Release|x64
		{1FFE1266-9783-4CE4-9017-3D0D118FFC51}.Release|x64.Build.0 = Release|x64
		{1FFE1266-9783-4CE4-9017-3D0D118FFC51}.Release|x86.ActiveCfg = Release|Win32
		{1FFE1266-9783-4CE4-9017-3D0D118FFC51}.Release|x86.Build.0 = Release|Win32
	EndGlobalSection
	GlobalSection(SolutionProperties) = preSolution
		HideSolutionNode = FALSE
	EndGlobalSection
	GlobalSection(ExtensibilityGlobals) = postSolution
		SolutionGuid = {317958E4-5541-4407-869D-C3635CD2CB1D}
	EndGlobalSection
EndGlobal
